
Microsoft Visual Studio Solution File, Format Version 12.00
# Visual Studio 15
VisualStudioVersion = 15.0.28307.1209
MinimumVisualStudioVersion = 10.0.40219.1
Project("{FAE04EC0-301F-11D3-BF4B-00C04F79EFBC}") = "EstudoFrontEnd", "EstudoFrontEnd\EstudoFrontEnd.csproj", "{84F28CD8-624C-49AA-A325-A987B6CC53B4}"
EndProject
Global
	GlobalSection(SolutionConfigurationPlatforms) = preSolution
		Debug|Any CPU = Debug|Any CPU
		Release|Any CPU = Release|Any CPU
	EndGlobalSection
	GlobalSection(ProjectConfigurationPlatforms) = postSolution
		{84F28CD8-624C-49AA-A325-A987B6CC53B4}.Debug|Any CPU.ActiveCfg = Debug|Any CPU
		{84F28CD8-624C-49AA-A325-A987B6CC53B4}.Debug|Any CPU.Build.0 = Debug|Any CPU
		{84F28CD8-624C-49AA-A325-A987B6CC53B4}.Release|Any CPU.ActiveCfg = Release|Any CPU
		{84F28CD8-624C-49AA-A325-A987B6CC53B4}.Release|Any CPU.Build.0 = Release|Any CPU
	EndGlobalSection
	GlobalSection(SolutionProperties) = preSolution
		HideSolutionNode = FALSE
	EndGlobalSection
	GlobalSection(ExtensibilityGlobals) = postSolution
		SolutionGuid = {E2F3EC45-46D2-4466-8B5C-80ADAC8B86A0}
	EndGlobalSection
EndGlobal
